
Microsoft Visual Studio Solution File, Format Version 12.00
# Visual Studio Version 16
VisualStudioVersion = 16.0.31911.196
MinimumVisualStudioVersion = 10.0.40219.1
Project("{9A19103F-16F7-4668-BE54-9A1E7A4F7556}") = "ESourcing.Products", "E-Sourcing.Products\ESourcing.Products.csproj", "{432E2BA5-D636-43E2-A44B-C443BA972E05}"
EndProject
Project("{2150E333-8FDC-42A3-9474-1A3956D46DE8}") = "Products", "Products", "{050F4BDF-8878-41CB-A503-632F767F8062}"
EndProject
Project("{2150E333-8FDC-42A3-9474-1A3956D46DE8}") = "Src", "Src", "{63533234-4E47-4660-A34E-0A2FF889095A}"
EndProject
Project("{2150E333-8FDC-42A3-9474-1A3956D46DE8}") = "ApiGateway", "ApiGateway", "{6E60B830-1063-4C57-98A3-52B2BBA2F99F}"
EndProject
Project("{2150E333-8FDC-42A3-9474-1A3956D46DE8}") = "Services", "Services", "{47C8C9B1-F4CA-4633-9FDA-2F3C5F1F019A}"
EndProject
Project("{2150E333-8FDC-42A3-9474-1A3956D46DE8}") = "WebApp", "WebApp", "{BB69A9A1-1224-4355-B951-6AA617D313C3}"
EndProject
Project("{2150E333-8FDC-42A3-9474-1A3956D46DE8}") = "Order", "Order", "{0924DAA8-E22A-4706-A39C-7BC93CF5E046}"
EndProject
Project("{2150E333-8FDC-42A3-9474-1A3956D46DE8}") = "Common", "Common", "{D05A988A-A728-4D74-82C4-3B26262E70A7}"
EndProject
Project("{2150E333-8FDC-42A3-9474-1A3956D46DE8}") = "Sourcing", "Sourcing", "{CA27DA49-2C87-48DA-9D30-3B5A52B5B947}"
EndProject
Project("{9A19103F-16F7-4668-BE54-9A1E7A4F7556}") = "ESourcing.Sourcing", "ESourcing.Sourcing\ESourcing.Sourcing.csproj", "{321F8EAE-6D28-4037-91C6-F1CC0A4F98A5}"
EndProject
Project("{9A19103F-16F7-4668-BE54-9A1E7A4F7556}") = "EventBusRabbitMq", "EventBusRabbitMq\EventBusRabbitMq.csproj", "{7621BB5E-D966-44AD-9286-2EFC8EE3FE03}"
EndProject
Project("{9A19103F-16F7-4668-BE54-9A1E7A4F7556}") = "ESourcing.Orders", "ESourcing.Orders\ESourcing.Orders.csproj", "{527BA32C-02AE-4952-A1FA-0E48725898DF}"
EndProject
Project("{9A19103F-16F7-4668-BE54-9A1E7A4F7556}") = "Orders.Domain", "Orders.Domain\Orders.Domain.csproj", "{96778009-3920-49F3-BC54-DC5D050BB437}"
EndProject
Project("{9A19103F-16F7-4668-BE54-9A1E7A4F7556}") = "Orders.Application", "Orders.Application\Orders.Application.csproj", "{06AEF5FC-8826-4645-9A1F-C212C8A2B24C}"
EndProject
Project("{9A19103F-16F7-4668-BE54-9A1E7A4F7556}") = "Orders.Infrastructure", "Orders.Infrastructure\Orders.Infrastructure.csproj", "{DF8A1555-879F-4F4E-B9E3-EC746C95E186}"
EndProject
Project("{FAE04EC0-301F-11D3-BF4B-00C04F79EFBC}") = "ESourcing.ApiGateway", "ESourcing.ApiGateway\ESourcing.ApiGateway.csproj", "{3000DA37-D57E-477B-AEB5-7057D2FE7E1F}"
EndProject
Project("{FAE04EC0-301F-11D3-BF4B-00C04F79EFBC}") = "ESourcing.UI", "ESourcing.UI\ESourcing.UI.csproj", "{C1579039-E479-461B-9803-9A04D1C16606}"
EndProject
Project("{FAE04EC0-301F-11D3-BF4B-00C04F79EFBC}") = "ESourcing.Core", "ESourcing.Core\ESourcing.Core.csproj", "{9CD61866-CE31-4583-912F-1F85DA547AF8}"
EndProject
Project("{FAE04EC0-301F-11D3-BF4B-00C04F79EFBC}") = "ESourcing.Infrastructure", "ESourcing.Infrastructure\ESourcing.Infrastructure.csproj", "{94C259AA-2D5F-4B71-ACBB-5736D497C715}"
EndProject
Global
	GlobalSection(SolutionConfigurationPlatforms) = preSolution
		Debug|Any CPU = Debug|Any CPU
		Release|Any CPU = Release|Any CPU
	EndGlobalSection
	GlobalSection(ProjectConfigurationPlatforms) = postSolution
		{432E2BA5-D636-43E2-A44B-C443BA972E05}.Debug|Any CPU.ActiveCfg = Debug|Any CPU
		{432E2BA5-D636-43E2-A44B-C443BA972E05}.Debug|Any CPU.Build.0 = Debug|Any CPU
		{432E2BA5-D636-43E2-A44B-C443BA972E05}.Release|Any CPU.ActiveCfg = Release|Any CPU
		{432E2BA5-D636-43E2-A44B-C443BA972E05}.Release|Any CPU.Build.0 = Release|Any CPU
		{321F8EAE-6D28-4037-91C6-F1CC0A4F98A5}.Debug|Any CPU.ActiveCfg = Debug|Any CPU
		{321F8EAE-6D28-4037-91C6-F1CC0A4F98A5}.Debug|Any CPU.Build.0 = Debug|Any CPU
		{321F8EAE-6D28-4037-91C6-F1CC0A4F98A5}.Release|Any CPU.ActiveCfg = Release|Any CPU
		{321F8EAE-6D28-4037-91C6-F1CC0A4F98A5}.Release|Any CPU.Build.0 = Release|Any CPU
		{7621BB5E-D966-44AD-9286-2EFC8EE3FE03}.Debug|Any CPU.ActiveCfg = Debug|Any CPU
		{7621BB5E-D966-44AD-9286-2EFC8EE3FE03}.Debug|Any CPU.Build.0 = Debug|Any CPU
		{7621BB5E-D966-44AD-9286-2EFC8EE3FE03}.Release|Any CPU.ActiveCfg = Release|Any CPU
		{7621BB5E-D966-44AD-9286-2EFC8EE3FE03}.Release|Any CPU.Build.0 = Release|Any CPU
		{527BA32C-02AE-4952-A1FA-0E48725898DF}.Debug|Any CPU.ActiveCfg = Debug|Any CPU
		{527BA32C-02AE-4952-A1FA-0E48725898DF}.Debug|Any CPU.Build.0 = Debug|Any CPU
		{527BA32C-02AE-4952-A1FA-0E48725898DF}.Release|Any CPU.ActiveCfg = Release|Any CPU
		{527BA32C-02AE-4952-A1FA-0E48725898DF}.Release|Any CPU.Build.0 = Release|Any CPU
		{96778009-3920-49F3-BC54-DC5D050BB437}.Debug|Any CPU.ActiveCfg = Debug|Any CPU
		{96778009-3920-49F3-BC54-DC5D050BB437}.Debug|Any CPU.Build.0 = Debug|Any CPU
		{96778009-3920-49F3-BC54-DC5D050BB437}.Release|Any CPU.ActiveCfg = Release|Any CPU
		{96778009-3920-49F3-BC54-DC5D050BB437}.Release|Any CPU.Build.0 = Release|Any CPU
		{06AEF5FC-8826-4645-9A1F-C212C8A2B24C}.Debug|Any CPU.ActiveCfg = Debug|Any CPU
		{06AEF5FC-8826-4645-9A1F-C212C8A2B24C}.Debug|Any CPU.Build.0 = Debug|Any CPU
		{06AEF5FC-8826-4645-9A1F-C212C8A2B24C}.Release|Any CPU.ActiveCfg = Release|Any CPU
		{06AEF5FC-8826-4645-9A1F-C212C8A2B24C}.Release|Any CPU.Build.0 = Release|Any CPU
		{DF8A1555-879F-4F4E-B9E3-EC746C95E186}.Debug|Any CPU.ActiveCfg = Debug|Any CPU
		{DF8A1555-879F-4F4E-B9E3-EC746C95E186}.Debug|Any CPU.Build.0 = Debug|Any CPU
		{DF8A1555-879F-4F4E-B9E3-EC746C95E186}.Release|Any CPU.ActiveCfg = Release|Any CPU
		{DF8A1555-879F-4F4E-B9E3-EC746C95E186}.Release|Any CPU.Build.0 = Release|Any CPU
		{3000DA37-D57E-477B-AEB5-7057D2FE7E1F}.Debug|Any CPU.ActiveCfg = Debug|Any CPU
		{3000DA37-D57E-477B-AEB5-7057D2FE7E1F}.Debug|Any CPU.Build.0 = Debug|Any CPU
		{3000DA37-D57E-477B-AEB5-7057D2FE7E1F}.Release|Any CPU.ActiveCfg = Release|Any CPU
		{3000DA37-D57E-477B-AEB5-7057D2FE7E1F}.Release|Any CPU.Build.0 = Release|Any CPU
		{C1579039-E479-461B-9803-9A04D1C16606}.Debug|Any CPU.ActiveCfg = Debug|Any CPU
		{C1579039-E479-461B-9803-9A04D1C16606}.Debug|Any CPU.Build.0 = Debug|Any CPU
		{C1579039-E479-461B-9803-9A04D1C16606}.Release|Any CPU.ActiveCfg = Release|Any CPU
		{C1579039-E479-461B-9803-9A04D1C16606}.Release|Any CPU.Build.0 = Release|Any CPU
		{9CD61866-CE31-4583-912F-1F85DA547AF8}.Debug|Any CPU.ActiveCfg = Debug|Any CPU
		{9CD61866-CE31-4583-912F-1F85DA547AF8}.Debug|Any CPU.Build.0 = Debug|Any CPU
		{9CD61866-CE31-4583-912F-1F85DA547AF8}.Release|Any CPU.ActiveCfg = Release|Any CPU
		{9CD61866-CE31-4583-912F-1F85DA547AF8}.Release|Any CPU.Build.0 = Release|Any CPU
		{94C259AA-2D5F-4B71-ACBB-5736D497C715}.Debug|Any CPU.ActiveCfg = Debug|Any CPU
		{94C259AA-2D5F-4B71-ACBB-5736D497C715}.Debug|Any CPU.Build.0 = Debug|Any CPU
		{94C259AA-2D5F-4B71-ACBB-5736D497C715}.Release|Any CPU.ActiveCfg = Release|Any CPU
		{94C259AA-2D5F-4B71-ACBB-5736D497C715}.Release|Any CPU.Build.0 = Release|Any CPU
	EndGlobalSection
	GlobalSection(SolutionProperties) = preSolution
		HideSolutionNode = FALSE
	EndGlobalSection
	GlobalSection(NestedProjects) = preSolution
		{432E2BA5-D636-43E2-A44B-C443BA972E05} = {050F4BDF-8878-41CB-A503-632F767F8062}
		{050F4BDF-8878-41CB-A503-632F767F8062} = {47C8C9B1-F4CA-4633-9FDA-2F3C5F1F019A}
		{6E60B830-1063-4C57-98A3-52B2BBA2F99F} = {63533234-4E47-4660-A34E-0A2FF889095A}
		{47C8C9B1-F4CA-4633-9FDA-2F3C5F1F019A} = {63533234-4E47-4660-A34E-0A2FF889095A}
		{BB69A9A1-1224-4355-B951-6AA617D313C3} = {63533234-4E47-4660-A34E-0A2FF889095A}
		{0924DAA8-E22A-4706-A39C-7BC93CF5E046} = {47C8C9B1-F4CA-4633-9FDA-2F3C5F1F019A}
		{D05A988A-A728-4D74-82C4-3B26262E70A7} = {47C8C9B1-F4CA-4633-9FDA-2F3C5F1F019A}
		{CA27DA49-2C87-48DA-9D30-3B5A52B5B947} = {47C8C9B1-F4CA-4633-9FDA-2F3C5F1F019A}
		{321F8EAE-6D28-4037-91C6-F1CC0A4F98A5} = {CA27DA49-2C87-48DA-9D30-3B5A52B5B947}
		{7621BB5E-D966-44AD-9286-2EFC8EE3FE03} = {D05A988A-A728-4D74-82C4-3B26262E70A7}
		{527BA32C-02AE-4952-A1FA-0E48725898DF} = {0924DAA8-E22A-4706-A39C-7BC93CF5E046}
		{96778009-3920-49F3-BC54-DC5D050BB437} = {0924DAA8-E22A-4706-A39C-7BC93CF5E046}
		{06AEF5FC-8826-4645-9A1F-C212C8A2B24C} = {0924DAA8-E22A-4706-A39C-7BC93CF5E046}
		{DF8A1555-879F-4F4E-B9E3-EC746C95E186} = {0924DAA8-E22A-4706-A39C-7BC93CF5E046}
		{3000DA37-D57E-477B-AEB5-7057D2FE7E1F} = {6E60B830-1063-4C57-98A3-52B2BBA2F99F}
		{C1579039-E479-461B-9803-9A04D1C16606} = {BB69A9A1-1224-4355-B951-6AA617D313C3}
		{9CD61866-CE31-4583-912F-1F85DA547AF8} = {BB69A9A1-1224-4355-B951-6AA617D313C3}
		{94C259AA-2D5F-4B71-ACBB-5736D497C715} = {BB69A9A1-1224-4355-B951-6AA617D313C3}
	EndGlobalSection
	GlobalSection(ExtensibilityGlobals) = postSolution
		SolutionGuid = {016B6E42-662E-4307-A783-61C57E598D16}
	EndGlobalSection
EndGlobal
